
Microsoft Visual Studio Solution File, Format Version 12.00
Project("{FAE04EC0-301F-11D3-BF4B-00C04F79EFBC}") = "LangJamGameJam", "LangJamGameJam\LangJamGameJam.csproj", "{AC58E18C-8009-4A59-8B43-1F0D296EE182}"
EndProject
Global
	GlobalSection(SolutionConfigurationPlatforms) = preSolution
		Debug|Any CPU = Debug|Any CPU
		Release|Any CPU = Release|Any CPU
	EndGlobalSection
	GlobalSection(ProjectConfigurationPlatforms) = postSolution
		{AC58E18C-8009-4A59-8B43-1F0D296EE182}.Debug|Any CPU.ActiveCfg = Debug|Any CPU
		{AC58E18C-8009-4A59-8B43-1F0D296EE182}.Debug|Any CPU.Build.0 = Debug|Any CPU
		{AC58E18C-8009-4A59-8B43-1F0D296EE182}.Release|Any CPU.ActiveCfg = Release|Any CPU
		{AC58E18C-8009-4A59-8B43-1F0D296EE182}.Release|Any CPU.Build.0 = Release|Any CPU
	EndGlobalSection
EndGlobal
